PODS:
  - FBSnapshotTestCase (2.1.4):
    - FBSnapshotTestCase/SwiftSupport (= 2.1.4)
  - FBSnapshotTestCase/Core (2.1.4)
  - FBSnapshotTestCase/SwiftSupport (2.1.4):
    - FBSnapshotTestCase/Core
  - PKStatusBarLoader (0.0.1)

DEPENDENCIES:
  - FBSnapshotTestCase
  - PKStatusBarLoader (from `../`)

EXTERNAL SOURCES:
  PKStatusBarLoader:
    :path: "../"

SPEC CHECKSUMS:
  FBSnapshotTestCase: 094f9f314decbabe373b87cc339bea235a63e07a
  PKStatusBarLoader: 54a5265e35874fd7f75c4be9df15400693720632

PODFILE CHECKSUM: 0126d0beb074f0087f7a36f89926a9d4f5613a48

COCOAPODS: 1.1.1
